// !$*UTF8*$!
{
	archiveVersion = 1;
	classes = {
	};
	objectVersion = 50;
	objects = {

/* Begin PBXBuildFile section */
		2F2867952521921800167E34 /* Models.swift in Sources */ = {isa = PBXBuildFile; fileRef = 2F2867942521921800167E34 /* Models.swift */; };
		2F2867962521921800167E34 /* Models.swift in Sources */ = {isa = PBXBuildFile; fileRef = 2F2867942521921800167E34 /* Models.swift */; };
		2F28679A2521A43800167E34 /* UserInfo.swift in Sources */ = {isa = PBXBuildFile; fileRef = 2F2867992521A43800167E34 /* UserInfo.swift */; };
		2F28679B2521A43800167E34 /* UserInfo.swift in Sources */ = {isa = PBXBuildFile; fileRef = 2F2867992521A43800167E34 /* UserInfo.swift */; };
		2F28679F252247B400167E34 /* SettingsScreen.swift in Sources */ = {isa = PBXBuildFile; fileRef = 2F28679E252247B300167E34 /* SettingsScreen.swift */; };
		2F2867A0252247B400167E34 /* SettingsScreen.swift in Sources */ = {isa = PBXBuildFile; fileRef = 2F28679E252247B300167E34 /* SettingsScreen.swift */; };
		2FFBA4A42521678500AC96DF /* ChatAppApp.swift in Sources */ = {isa = PBXBuildFile; fileRef = 2FFBA4912521678100AC96DF /* ChatAppApp.swift */; };
		2FFBA4A52521678500AC96DF /* ChatAppApp.swift in Sources */ = {isa = PBXBuildFile; fileRef = 2FFBA4912521678100AC96DF /* ChatAppApp.swift */; };
		2FFBA4A62521678500AC96DF /* ContentView.swift in Sources */ = {isa = PBXBuildFile; fileRef = 2FFBA4922521678100AC96DF /* ContentView.swift */; };
		2FFBA4A72521678500AC96DF /* ContentView.swift in Sources */ = {isa = PBXBuildFile; fileRef = 2FFBA4922521678100AC96DF /* ContentView.swift */; };
		2FFBA4A82521678500AC96DF /* Assets.xcassets in Resources */ = {isa = PBXBuildFile; fileRef = 2FFBA4932521678500AC96DF /* Assets.xcassets */; };
		2FFBA4A92521678500AC96DF /* Assets.xcassets in Resources */ = {isa = PBXBuildFile; fileRef = 2FFBA4932521678500AC96DF /* Assets.xcassets */; };
		2FFBA4B525216B3700AC96DF /* ChatScreen.swift in Sources */ = {isa = PBXBuildFile; fileRef = 2FFBA4B425216B3700AC96DF /* ChatScreen.swift */; };
		2FFBA4B625216B3700AC96DF /* ChatScreen.swift in Sources */ = {isa = PBXBuildFile; fileRef = 2FFBA4B425216B3700AC96DF /* ChatScreen.swift */; };
		2FFBA4BA25216CA300AC96DF /* ChatScreenModel.swift in Sources */ = {isa = PBXBuildFile; fileRef = 2FFBA4B925216CA300AC96DF /* ChatScreenModel.swift */; };
		2FFBA4BB25216CA300AC96DF /* ChatScreenModel.swift in Sources */ = {isa = PBXBuildFile; fileRef = 2FFBA4B925216CA300AC96DF /* ChatScreenModel.swift */; };
/* End PBXBuildFile section */

/* Begin PBXFileReference section */
		2F2867942521921800167E34 /* Models.swift */ = {isa = PBXFileReference; lastKnownFileType = sourcecode.swift; path = Models.swift; sourceTree = "<group>"; };
		2F2867992521A43800167E34 /* UserInfo.swift */ = {isa = PBXFileReference; lastKnownFileType = sourcecode.swift; path = UserInfo.swift; sourceTree = "<group>"; };
		2F28679E252247B300167E34 /* SettingsScreen.swift */ = {isa = PBXFileReference; lastKnownFileType = sourcecode.swift; path = SettingsScreen.swift; sourceTree = "<group>"; };
		2FFBA4912521678100AC96DF /* ChatAppApp.swift */ = {isa = PBXFileReference; lastKnownFileType = sourcecode.swift; path = ChatAppApp.swift; sourceTree = "<group>"; };
		2FFBA4922521678100AC96DF /* ContentView.swift */ = {isa = PBXFileReference; lastKnownFileType = sourcecode.swift; path = ContentView.swift; sourceTree = "<group>"; };
		2FFBA4932521678500AC96DF /* Assets.xcassets */ = {isa = PBXFileReference; lastKnownFileType = folder.assetcatalog; path = Assets.xcassets; sourceTree = "<group>"; };
		2FFBA4982521678500AC96DF /* ChatApp.app */ = {isa = PBXFileReference; explicitFileType = wrapper.application; includeInIndex = 0; path = ChatApp.app; sourceTree = BUILT_PRODUCTS_DIR; };
		2FFBA49B2521678500AC96DF /* Info.plist */ = {isa = PBXFileReference; lastKnownFileType = text.plist.xml; path = Info.plist; sourceTree = "<group>"; };
		2FFBA4A02521678500AC96DF /* ChatApp.app */ = {isa = PBXFileReference; explicitFileType = wrapper.application; includeInIndex = 0; path = ChatApp.app; sourceTree = BUILT_PRODUCTS_DIR; };
		2FFBA4A22521678500AC96DF /* Info.plist */ = {isa = PBXFileReference; lastKnownFileType = text.plist.xml; path = Info.plist; sourceTree = "<group>"; };
		2FFBA4A32521678500AC96DF /* macOS.entitlements */ = {isa = PBXFileReference; lastKnownFileType = text.plist.entitlements; path = macOS.entitlements; sourceTree = "<group>"; };
		2FFBA4B425216B3700AC96DF /* ChatScreen.swift */ = {isa = PBXFileReference; lastKnownFileType = sourcecode.swift; path = ChatScreen.swift; sourceTree = "<group>"; };
		2FFBA4B925216CA300AC96DF /* ChatScreenModel.swift */ = {isa = PBXFileReference; lastKnownFileType = sourcecode.swift; path = ChatScreenModel.swift; sourceTree = "<group>"; };
/* End PBXFileReference section */

/* Begin PBXFrameworksBuildPhase section */
		2FFBA4952521678500AC96DF /* Frameworks */ = {
			isa = PBXFrameworksBuildPhase;
			buildActionMask = 2147483647;
			files = (
			);
			runOnlyForDeploymentPostprocessing = 0;
		};
		2FFBA49D2521678500AC96DF /* Frameworks */ = {
			isa = PBXFrameworksBuildPhase;
			buildActionMask = 2147483647;
			files = (
			);
			runOnlyForDeploymentPostprocessing = 0;
		};
/* End PBXFrameworksBuildPhase section */

/* Begin PBXGroup section */
		2FFBA48B2521678100AC96DF = {
			isa = PBXGroup;
			children = (
				2FFBA4902521678100AC96DF /* Shared */,
				2FFBA49A2521678500AC96DF /* iOS */,
				2FFBA4A12521678500AC96DF /* macOS */,
				2FFBA4992521678500AC96DF /* Products */,
			);
			sourceTree = "<group>";
		};
		2FFBA4902521678100AC96DF /* Shared */ = {
			isa = PBXGroup;
			children = (
				2FFBA4912521678100AC96DF /* ChatAppApp.swift */,
				2FFBA4922521678100AC96DF /* ContentView.swift */,
				2FFBA4B925216CA300AC96DF /* ChatScreenModel.swift */,
				2FFBA4B425216B3700AC96DF /* ChatScreen.swift */,
				2FFBA4932521678500AC96DF /* Assets.xcassets */,
				2F2867942521921800167E34 /* Models.swift */,
				2F2867992521A43800167E34 /* UserInfo.swift */,
				2F28679E252247B300167E34 /* SettingsScreen.swift */,
			);
			path = Shared;
			sourceTree = "<group>";
		};
		2FFBA4992521678500AC96DF /* Products */ = {
			isa = PBXGroup;
			children = (
				2FFBA4982521678500AC96DF /* ChatApp.app */,
				2FFBA4A02521678500AC96DF /* ChatApp.app */,
			);
			name = Products;
			sourceTree = "<group>";
		};
		2FFBA49A2521678500AC96DF /* iOS */ = {
			isa = PBXGroup;
			children = (
				2FFBA49B2521678500AC96DF /* Info.plist */,
			);
			path = iOS;
			sourceTree = "<group>";
		};
		2FFBA4A12521678500AC96DF /* macOS */ = {
			isa = PBXGroup;
			children = (
				2FFBA4A22521678500AC96DF /* Info.plist */,
				2FFBA4A32521678500AC96DF /* macOS.entitlements */,
			);
			path = macOS;
			sourceTree = "<group>";
		};
/* End PBXGroup section */

/* Begin PBXNativeTarget section */
		2FFBA4972521678500AC96DF /* ChatApp (iOS) */ = {
			isa = PBXNativeTarget;
			buildConfigurationList = 2FFBA4AC2521678500AC96DF /* Build configuration list for PBXNativeTarget "ChatApp (iOS)" */;
			buildPhases = (
				2FFBA4942521678500AC96DF /* Sources */,
				2FFBA4952521678500AC96DF /* Frameworks */,
				2FFBA4962521678500AC96DF /* Resources */,
			);
			buildRules = (
			);
			dependencies = (
			);
			name = "ChatApp (iOS)";
			productName = "ChatApp (iOS)";
			productReference = 2FFBA4982521678500AC96DF /* ChatApp.app */;
			productType = "com.apple.product-type.application";
		};
		2FFBA49F2521678500AC96DF /* ChatApp (macOS) */ = {
			isa = PBXNativeTarget;
			buildConfigurationList = 2FFBA4AF2521678500AC96DF /* Build configuration list for PBXNativeTarget "ChatApp (macOS)" */;
			buildPhases = (
				2FFBA49C2521678500AC96DF /* Sources */,
				2FFBA49D2521678500AC96DF /* Frameworks */,
				2FFBA49E2521678500AC96DF /* Resources */,
			);
			buildRules = (
			);
			dependencies = (
			);
			name = "ChatApp (macOS)";
			productName = "ChatApp (macOS)";
			productReference = 2FFBA4A02521678500AC96DF /* ChatApp.app */;
			productType = "com.apple.product-type.application";
		};
/* End PBXNativeTarget section */

/* Begin PBXProject section */
		2FFBA48C2521678100AC96DF /* Project object */ = {
			isa = PBXProject;
			attributes = {
				LastSwiftUpdateCheck = 1220;
				LastUpgradeCheck = 1220;
				TargetAttributes = {
					2FFBA4972521678500AC96DF = {
						CreatedOnToolsVersion = 12.2;
					};
					2FFBA49F2521678500AC96DF = {
						CreatedOnToolsVersion = 12.2;
					};
				};
			};
			buildConfigurationList = 2FFBA48F2521678100AC96DF /* Build configuration list for PBXProject "ChatApp" */;
			compatibilityVersion = "Xcode 9.3";
			developmentRegion = en;
			hasScannedForEncodings = 0;
			knownRegions = (
				en,
				Base,
			);
			mainGroup = 2FFBA48B2521678100AC96DF;
			productRefGroup = 2FFBA4992521678500AC96DF /* Products */;
			projectDirPath = "";
			projectRoot = "";
			targets = (
				2FFBA4972521678500AC96DF /* ChatApp (iOS) */,
				2FFBA49F2521678500AC96DF /* ChatApp (macOS) */,
			);
		};
/* End PBXProject section */

/* Begin PBXResourcesBuildPhase section */
		2FFBA4962521678500AC96DF /* Resources */ = {
			isa = PBXResourcesBuildPhase;
			buildActionMask = 2147483647;
			files = (
				2FFBA4A82521678500AC96DF /* Assets.xcassets in Resources */,
			);
			runOnlyForDeploymentPostprocessing = 0;
		};
		2FFBA49E2521678500AC96DF /* Resources */ = {
			isa = PBXResourcesBuildPhase;
			buildActionMask = 2147483647;
			files = (
				2FFBA4A92521678500AC96DF /* Assets.xcassets in Resources */,
			);
			runOnlyForDeploymentPostprocessing = 0;
		};
/* End PBXResourcesBuildPhase section */

/* Begin PBXSourcesBuildPhase section */
		2FFBA4942521678500AC96DF /* Sources */ = {
			isa = PBXSourcesBuildPhase;
			buildActionMask = 2147483647;
			files = (
				2FFBA4A62521678500AC96DF /* ContentView.swift in Sources */,
				2F28679F252247B400167E34 /* SettingsScreen.swift in Sources */,
				2FFBA4BA25216CA300AC96DF /* ChatScreenModel.swift in Sources */,
				2FFBA4B525216B3700AC96DF /* ChatScreen.swift in Sources */,
				2FFBA4A42521678500AC96DF /* ChatAppApp.swift in Sources */,
				2F28679A2521A43800167E34 /* UserInfo.swift in Sources */,
				2F2867952521921800167E34 /* Models.swift in Sources */,
			);
			runOnlyForDeploymentPostprocessing = 0;
		};
		2FFBA49C2521678500AC96DF /* Sources */ = {
			isa = PBXSourcesBuildPhase;
			buildActionMask = 2147483647;
			files = (
				2FFBA4A72521678500AC96DF /* ContentView.swift in Sources */,
				2F2867A0252247B400167E34 /* SettingsScreen.swift in Sources */,
				2FFBA4BB25216CA300AC96DF /* ChatScreenModel.swift in Sources */,
				2FFBA4B625216B3700AC96DF /* ChatScreen.swift in Sources */,
				2FFBA4A52521678500AC96DF /* ChatAppApp.swift in Sources */,
				2F28679B2521A43800167E34 /* UserInfo.swift in Sources */,
				2F2867962521921800167E34 /* Models.swift in Sources */,
			);
			runOnlyForDeploymentPostprocessing = 0;
		};
/* End PBXSourcesBuildPhase section */

/* Begin XCBuildConfiguration section */
		2FFBA4AA2521678500AC96DF /* Debug */ = {
			isa = XCBuildConfiguration;
			buildSettings = {
				ALWAYS_SEARCH_USER_PATHS = NO;
				CLANG_ANALYZER_NONNULL = YES;
				CLANG_ANALYZER_NUMBER_OBJECT_CONVERSION = YES_AGGRESSIVE;
				CLANG_CXX_LANGUAGE_STANDARD = "gnu++14";
				CLANG_CXX_LIBRARY = "libc++";
				CLANG_ENABLE_MODULES = YES;
				CLANG_ENABLE_OBJC_ARC = YES;
				CLANG_ENABLE_OBJC_WEAK = YES;
				CLANG_WARN_BLOCK_CAPTURE_AUTORELEASING = YES;
				CLANG_WARN_BOOL_CONVERSION = YES;
				CLANG_WARN_COMMA = YES;
				CLANG_WARN_CONSTANT_CONVERSION = YES;
				CLANG_WARN_DEPRECATED_OBJC_IMPLEMENTATIONS = YES;
				CLANG_WARN_DIRECT_OBJC_ISA_USAGE = YES_ERROR;
				CLANG_WARN_DOCUMENTATION_COMMENTS = YES;
				CLANG_WARN_EMPTY_BODY = YES;
				CLANG_WARN_ENUM_CONVERSION = YES;
				CLANG_WARN_INFINITE_RECURSION = YES;
				CLANG_WARN_INT_CONVERSION = YES;
				CLANG_WARN_NON_LITERAL_NULL_CONVERSION = YES;
				CLANG_WARN_OBJC_IMPLICIT_RETAIN_SELF = YES;
				CLANG_WARN_OBJC_LITERAL_CONVERSION = YES;
				CLANG_WARN_OBJC_ROOT_CLASS = YES_ERROR;
				CLANG_WARN_QUOTED_INCLUDE_IN_FRAMEWORK_HEADER = YES;
				CLANG_WARN_RANGE_LOOP_ANALYSIS = YES;
				CLANG_WARN_STRICT_PROTOTYPES = YES;
				CLANG_WARN_SUSPICIOUS_MOVE = YES;
				CLANG_WARN_UNGUARDED_AVAILABILITY = YES_AGGRESSIVE;
				CLANG_WARN_UNREACHABLE_CODE = YES;
				CLANG_WARN__DUPLICATE_METHOD_MATCH = YES;
				COPY_PHASE_STRIP = NO;
				DEBUG_INFORMATION_FORMAT = dwarf;
				ENABLE_STRICT_OBJC_MSGSEND = YES;
				ENABLE_TESTABILITY = YES;
				GCC_C_LANGUAGE_STANDARD = gnu11;
				GCC_DYNAMIC_NO_PIC = NO;
				GCC_NO_COMMON_BLOCKS = YES;
				GCC_OPTIMIZATION_LEVEL = 0;
				GCC_PREPROCESSOR_DEFINITIONS = (
					"DEBUG=1",
					"$(inherited)",
				);
				GCC_WARN_64_TO_32_BIT_CONVERSION = YES;
				GCC_WARN_ABOUT_RETURN_TYPE = YES_ERROR;
				GCC_WARN_UNDECLARED_SELECTOR = YES;
				GCC_WARN_UNINITIALIZED_AUTOS = YES_AGGRESSIVE;
				GCC_WARN_UNUSED_FUNCTION = YES;
				GCC_WARN_UNUSED_VARIABLE = YES;
				MTL_ENABLE_DEBUG_INFO = INCLUDE_SOURCE;
				MTL_FAST_MATH = YES;
				ONLY_ACTIVE_ARCH = YES;
				SWIFT_ACTIVE_COMPILATION_CONDITIONS = DEBUG;
				SWIFT_OPTIMIZATION_LEVEL = "-Onone";
			};
			name = Debug;
		};
		2FFBA4AB2521678500AC96DF /* Release */ = {
			isa = XCBuildConfiguration;
			buildSettings = {
				ALWAYS_SEARCH_USER_PATHS = NO;
				CLANG_ANALYZER_NONNULL = YES;
				CLANG_ANALYZER_NUMBER_OBJECT_CONVERSION = YES_AGGRESSIVE;
				CLANG_CXX_LANGUAGE_STANDARD = "gnu++14";
				CLANG_CXX_LIBRARY = "libc++";
				CLANG_ENABLE_MODULES = YES;
				CLANG_ENABLE_OBJC_ARC = YES;
				CLANG_ENABLE_OBJC_WEAK = YES;
				CLANG_WARN_BLOCK_CAPTURE_AUTORELEASING = YES;
				CLANG_WARN_BOOL_CONVERSION = YES;
				CLANG_WARN_COMMA = YES;
				CLANG_WARN_CONSTANT_CONVERSION = YES;
				CLANG_WARN_DEPRECATED_OBJC_IMPLEMENTATIONS = YES;
				CLANG_WARN_DIRECT_OBJC_ISA_USAGE = YES_ERROR;
				CLANG_WARN_DOCUMENTATION_COMMENTS = YES;
				CLANG_WARN_EMPTY_BODY = YES;
				CLANG_WARN_ENUM_CONVERSION = YES;
				CLANG_WARN_INFINITE_RECURSION = YES;
				CLANG_WARN_INT_CONVERSION = YES;
				CLANG_WARN_NON_LITERAL_NULL_CONVERSION = YES;
				CLANG_WARN_OBJC_IMPLICIT_RETAIN_SELF = YES;
				CLANG_WARN_OBJC_LITERAL_CONVERSION = YES;
				CLANG_WARN_OBJC_ROOT_CLASS = YES_ERROR;
				CLANG_WARN_QUOTED_INCLUDE_IN_FRAMEWORK_HEADER = YES;
				CLANG_WARN_RANGE_LOOP_ANALYSIS = YES;
				CLANG_WARN_STRICT_PROTOTYPES = YES;
				CLANG_WARN_SUSPICIOUS_MOVE = YES;
				CLANG_WARN_UNGUARDED_AVAILABILITY = YES_AGGRESSIVE;
				CLANG_WARN_UNREACHABLE_CODE = YES;
				CLANG_WARN__DUPLICATE_METHOD_MATCH = YES;
				COPY_PHASE_STRIP = NO;
				DEBUG_INFORMATION_FORMAT = "dwarf-with-dsym";
				ENABLE_NS_ASSERTIONS = NO;
				ENABLE_STRICT_OBJC_MSGSEND = YES;
				GCC_C_LANGUAGE_STANDARD = gnu11;
				GCC_NO_COMMON_BLOCKS = YES;
				GCC_WARN_64_TO_32_BIT_CONVERSION = YES;
				GCC_WARN_ABOUT_RETURN_TYPE = YES_ERROR;
				GCC_WARN_UNDECLARED_SELECTOR = YES;
				GCC_WARN_UNINITIALIZED_AUTOS = YES_AGGRESSIVE;
				GCC_WARN_UNUSED_FUNCTION = YES;
				GCC_WARN_UNUSED_VARIABLE = YES;
				MTL_ENABLE_DEBUG_INFO = NO;
				MTL_FAST_MATH = YES;
				SWIFT_COMPILATION_MODE = wholemodule;
				SWIFT_OPTIMIZATION_LEVEL = "-O";
			};
			name = Release;
		};
		2FFBA4AD2521678500AC96DF /* Debug */ = {
			isa = XCBuildConfiguration;
			buildSettings = {
				ASSETCATALOG_COMPILER_APPICON_NAME = AppIcon;
				ASSETCATALOG_COMPILER_GLOBAL_ACCENT_COLOR_NAME = AccentColor;
				CODE_SIGN_STYLE = Automatic;
				DEVELOPMENT_TEAM = H5K8CL3D92;
				ENABLE_PREVIEWS = YES;
				INFOPLIST_FILE = iOS/Info.plist;
				IPHONEOS_DEPLOYMENT_TARGET = 14.0;
				LD_RUNPATH_SEARCH_PATHS = (
					"$(inherited)",
					"@executable_path/Frameworks",
				);
				PRODUCT_BUNDLE_IDENTIFIER = com.mzellhuber.ChatApp;
				PRODUCT_NAME = ChatApp;
				SDKROOT = iphoneos;
				SWIFT_VERSION = 5.0;
				TARGETED_DEVICE_FAMILY = "1,2";
			};
			name = Debug;
		};
		2FFBA4AE2521678500AC96DF /* Release */ = {
			isa = XCBuildConfiguration;
			buildSettings = {
				ASSETCATALOG_COMPILER_APPICON_NAME = AppIcon;
				ASSETCATALOG_COMPILER_GLOBAL_ACCENT_COLOR_NAME = AccentColor;
				CODE_SIGN_STYLE = Automatic;
				DEVELOPMENT_TEAM = H5K8CL3D92;
				ENABLE_PREVIEWS = YES;
				INFOPLIST_FILE = iOS/Info.plist;
				IPHONEOS_DEPLOYMENT_TARGET = 14.0;
				LD_RUNPATH_SEARCH_PATHS = (
					"$(inherited)",
					"@executable_path/Frameworks",
				);
				PRODUCT_BUNDLE_IDENTIFIER = com.mzellhuber.ChatApp;
				PRODUCT_NAME = ChatApp;
				SDKROOT = iphoneos;
				SWIFT_VERSION = 5.0;
				TARGETED_DEVICE_FAMILY = "1,2";
				VALIDATE_PRODUCT = YES;
			};
			name = Release;
		};
		2FFBA4B02521678500AC96DF /* Debug */ = {
			isa = XCBuildConfiguration;
			buildSettings = {
				ASSETCATALOG_COMPILER_APPICON_NAME = AppIcon;
				ASSETCATALOG_COMPILER_GLOBAL_ACCENT_COLOR_NAME = AccentColor;
				CODE_SIGN_ENTITLEMENTS = macOS/macOS.entitlements;
				CODE_SIGN_STYLE = Automatic;
				COMBINE_HIDPI_IMAGES = YES;
				DEVELOPMENT_TEAM = H5K8CL3D92;
				ENABLE_HARDENED_RUNTIME = YES;
				ENABLE_PREVIEWS = YES;
				INFOPLIST_FILE = macOS/Info.plist;
				LD_RUNPATH_SEARCH_PATHS = (
					"$(inherited)",
					"@executable_path/../Frameworks",
				);
				MACOSX_DEPLOYMENT_TARGET = 11.0;
				PRODUCT_BUNDLE_IDENTIFIER = com.mzellhuber.ChatApp;
				PRODUCT_NAME = ChatApp;
				SDKROOT = macosx;
				SWIFT_VERSION = 5.0;
			};
			name = Debug;
		};
		2FFBA4B12521678500AC96DF /* Release */ = {
			isa = XCBuildConfiguration;
			buildSettings = {
				ASSETCATALOG_COMPILER_APPICON_NAME = AppIcon;
				ASSETCATALOG_COMPILER_GLOBAL_ACCENT_COLOR_NAME = AccentColor;
				CODE_SIGN_ENTITLEMENTS = macOS/macOS.entitlements;
				CODE_SIGN_STYLE = Automatic;
				COMBINE_HIDPI_IMAGES = YES;
				DEVELOPMENT_TEAM = H5K8CL3D92;
				ENABLE_HARDENED_RUNTIME = YES;
				ENABLE_PREVIEWS = YES;
				INFOPLIST_FILE = macOS/Info.plist;
				LD_RUNPATH_SEARCH_PATHS = (
					"$(inherited)",
					"@executable_path/../Frameworks",
				);
				MACOSX_DEPLOYMENT_TARGET = 11.0;
				PRODUCT_BUNDLE_IDENTIFIER = com.mzellhuber.ChatApp;
				PRODUCT_NAME = ChatApp;
				SDKROOT = macosx;
				SWIFT_VERSION = 5.0;
			};
			name = Release;
		};
/* End XCBuildConfiguration section */

/* Begin XCConfigurationList section */
		2FFBA48F2521678100AC96DF /* Build configuration list for PBXProject "ChatApp" */ = {
			isa = XCConfigurationList;
			buildConfigurations = (
				2FFBA4AA2521678500AC96DF /* Debug */,
				2FFBA4AB2521678500AC96DF /* Release */,
			);
			defaultConfigurationIsVisible = 0;
			defaultConfigurationName = Release;
		};
		2FFBA4AC2521678500AC96DF /* Build configuration list for PBXNativeTarget "ChatApp (iOS)" */ = {
			isa = XCConfigurationList;
			buildConfigurations = (
				2FFBA4AD2521678500AC96DF /* Debug */,
				2FFBA4AE2521678500AC96DF /* Release */,
			);
			defaultConfigurationIsVisible = 0;
			defaultConfigurationName = Release;
		};
		2FFBA4AF2521678500AC96DF /* Build configuration list for PBXNativeTarget "ChatApp (macOS)" */ = {
			isa = XCConfigurationList;
			buildConfigurations = (
				2FFBA4B02521678500AC96DF /* Debug */,
				2FFBA4B12521678500AC96DF /* Release */,
			);
			defaultConfigurationIsVisible = 0;
			defaultConfigurationName = Release;
		};
/* End XCConfigurationList section */
	};
	rootObject = 2FFBA48C2521678100AC96DF /* Project object */;
}
